// !$*UTF8*$!
{
	archiveVersion = 1;
	classes = {
	};
	objectVersion = 50;
	objects = {

/* Begin PBXBuildFile section */
		5C15E8536F5BE2419D77D5F8 /* Pods_NaverMapAPITest.framework in Frameworks */ = {isa = PBXBuildFile; fileRef = A3919911FD3DA707F3943A89 /* Pods_NaverMapAPITest.framework */; };
		7F025ED32583CE8000F1734F /* AppDelegate.swift in Sources */ = {isa = PBXBuildFile; fileRef = 7F025ED22583CE8000F1734F /* AppDelegate.swift */; };
		7F025ED52583CE8000F1734F /* SceneDelegate.swift in Sources */ = {isa = PBXBuildFile; fileRef = 7F025ED42583CE8000F1734F /* SceneDelegate.swift */; };
		7F025ED72583CE8000F1734F /* ViewController.swift in Sources */ = {isa = PBXBuildFile; fileRef = 7F025ED62583CE8000F1734F /* ViewController.swift */; };
		7F025EDA2583CE8000F1734F /* Main.storyboard in Resources */ = {isa = PBXBuildFile; fileRef = 7F025ED82583CE8000F1734F /* Main.storyboard */; };
		7F025EDC2583CE8200F1734F /* Assets.xcassets in Resources */ = {isa = PBXBuildFile; fileRef = 7F025EDB2583CE8200F1734F /* Assets.xcassets */; };
		7F025EDF2583CE8200F1734F /* LaunchScreen.storyboard in Resources */ = {isa = PBXBuildFile; fileRef = 7F025EDD2583CE8200F1734F /* LaunchScreen.storyboard */; };
/* End PBXBuildFile section */

/* Begin PBXFileReference section */
		6C013C6AE5E1DDB9B578D87E /* Pods-NaverMapAPITest.debug.xcconfig */ = {isa = PBXFileReference; includeInIndex = 1; lastKnownFileType = text.xcconfig; name = "Pods-NaverMapAPITest.debug.xcconfig"; path = "Target Support Files/Pods-NaverMapAPITest/Pods-NaverMapAPITest.debug.xcconfig"; sourceTree = "<group>"; };
		7F025ECF2583CE8000F1734F /* NaverMapAPITest.app */ = {isa = PBXFileReference; explicitFileType = wrapper.application; includeInIndex = 0; path = NaverMapAPITest.app; sourceTree = BUILT_PRODUCTS_DIR; };
		7F025ED22583CE8000F1734F /* AppDelegate.swift */ = {isa = PBXFileReference; lastKnownFileType = sourcecode.swift; path = AppDelegate.swift; sourceTree = "<group>"; };
		7F025ED42583CE8000F1734F /* SceneDelegate.swift */ = {isa = PBXFileReference; lastKnownFileType = sourcecode.swift; path = SceneDelegate.swift; sourceTree = "<group>"; };
		7F025ED62583CE8000F1734F /* ViewController.swift */ = {isa = PBXFileReference; lastKnownFileType = sourcecode.swift; path = ViewController.swift; sourceTree = "<group>"; };
		7F025ED92583CE8000F1734F /* Base */ = {isa = PBXFileReference; lastKnownFileType = file.storyboard; name = Base; path = Base.lproj/Main.storyboard; sourceTree = "<group>"; };
		7F025EDB2583CE8200F1734F /* Assets.xcassets */ = {isa = PBXFileReference; lastKnownFileType = folder.assetcatalog; path = Assets.xcassets; sourceTree = "<group>"; };
		7F025EDE2583CE8200F1734F /* Base */ = {isa = PBXFileReference; lastKnownFileType = file.storyboard; name = Base; path = Base.lproj/LaunchScreen.storyboard; sourceTree = "<group>"; };
		7F025EE02583CE8200F1734F /* Info.plist */ = {isa = PBXFileReference; lastKnownFileType = text.plist.xml; path = Info.plist; sourceTree = "<group>"; };
		A3919911FD3DA707F3943A89 /* Pods_NaverMapAPITest.framework */ = {isa = PBXFileReference; explicitFileType = wrapper.framework; includeInIndex = 0; path = Pods_NaverMapAPITest.framework; sourceTree = BUILT_PRODUCTS_DIR; };
		D3CF023664FDC174C2EDE655 /* Pods-NaverMapAPITest.release.xcconfig */ = {isa = PBXFileReference; includeInIndex = 1; lastKnownFileType = text.xcconfig; name = "Pods-NaverMapAPITest.release.xcconfig"; path = "Target Support Files/Pods-NaverMapAPITest/Pods-NaverMapAPITest.release.xcconfig"; sourceTree = "<group>"; };
/* End PBXFileReference section */

/* Begin PBXFrameworksBuildPhase section */
		7F025ECC2583CE8000F1734F /* Frameworks */ = {
			isa = PBXFrameworksBuildPhase;
			buildActionMask = 2147483647;
			files = (
				5C15E8536F5BE2419D77D5F8 /* Pods_NaverMapAPITest.framework in Frameworks */,
			);
			runOnlyForDeploymentPostprocessing = 0;
		};
/* End PBXFrameworksBuildPhase section */

/* Begin PBXGroup section */
		1C676C0116436950DAD772DF /* Frameworks */ = {
			isa = PBXGroup;
			children = (
				A3919911FD3DA707F3943A89 /* Pods_NaverMapAPITest.framework */,
			);
			name = Frameworks;
			sourceTree = "<group>";
		};
		52F54BB9B31C343E65DE7703 /* Pods */ = {
			isa = PBXGroup;
			children = (
				6C013C6AE5E1DDB9B578D87E /* Pods-NaverMapAPITest.debug.xcconfig */,
				D3CF023664FDC174C2EDE655 /* Pods-NaverMapAPITest.release.xcconfig */,
			);
			name = Pods;
			path = Pods;
			sourceTree = "<group>";
		};
		7F025EC62583CE8000F1734F = {
			isa = PBXGroup;
			children = (
				7F025ED12583CE8000F1734F /* NaverMapAPITest */,
				7F025ED02583CE8000F1734F /* Products */,
				52F54BB9B31C343E65DE7703 /* Pods */,
				1C676C0116436950DAD772DF /* Frameworks */,
			);
			sourceTree = "<group>";
		};
		7F025ED02583CE8000F1734F /* Products */ = {
			isa = PBXGroup;
			children = (
				7F025ECF2583CE8000F1734F /* NaverMapAPITest.app */,
			);
			name = Products;
			sourceTree = "<group>";
		};
		7F025ED12583CE8000F1734F /* NaverMapAPITest */ = {
			isa = PBXGroup;
			children = (
				7F025ED22583CE8000F1734F /* AppDelegate.swift */,
				7F025ED42583CE8000F1734F /* SceneDelegate.swift */,
				7F025ED62583CE8000F1734F /* ViewController.swift */,
				7F025ED82583CE8000F1734F /* Main.storyboard */,
				7F025EDB2583CE8200F1734F /* Assets.xcassets */,
				7F025EDD2583CE8200F1734F /* LaunchScreen.storyboard */,
				7F025EE02583CE8200F1734F /* Info.plist */,
			);
			path = NaverMapAPITest;
			sourceTree = "<group>";
		};
/* End PBXGroup section */

/* Begin PBXNativeTarget section */
		7F025ECE2583CE8000F1734F /* NaverMapAPITest */ = {
			isa = PBXNativeTarget;
			buildConfigurationList = 7F025EE32583CE8200F1734F /* Build configuration list for PBXNativeTarget "NaverMapAPITest" */;
			buildPhases = (
				348A9DE8BAA4D9D478C795BB /* [CP] Check Pods Manifest.lock */,
				7F025ECB2583CE8000F1734F /* Sources */,
				7F025ECC2583CE8000F1734F /* Frameworks */,
				7F025ECD2583CE8000F1734F /* Resources */,
				ED408E1012530BADDD1D1B80 /* [CP] Embed Pods Frameworks */,
			);
			buildRules = (
			);
			dependencies = (
			);
			name = NaverMapAPITest;
			productName = NaverMapAPITest;
			productReference = 7F025ECF2583CE8000F1734F /* NaverMapAPITest.app */;
			productType = "com.apple.product-type.application";
		};
/* End PBXNativeTarget section */

/* Begin PBXProject section */
		7F025EC72583CE8000F1734F /* Project object */ = {
			isa = PBXProject;
			attributes = {
				LastSwiftUpdateCheck = 1220;
				LastUpgradeCheck = 1220;
				TargetAttributes = {
					7F025ECE2583CE8000F1734F = {
						CreatedOnToolsVersion = 12.2;
					};
				};
			};
			buildConfigurationList = 7F025ECA2583CE8000F1734F /* Build configuration list for PBXProject "NaverMapAPITest" */;
			compatibilityVersion = "Xcode 9.3";
			developmentRegion = en;
			hasScannedForEncodings = 0;
			knownRegions = (
				en,
				Base,
			);
			mainGroup = 7F025EC62583CE8000F1734F;
			productRefGroup = 7F025ED02583CE8000F1734F /* Products */;
			projectDirPath = "";
			projectRoot = "";
			targets = (
				7F025ECE2583CE8000F1734F /* NaverMapAPITest */,
			);
		};
/* End PBXProject section */

/* Begin PBXResourcesBuildPhase section */
		7F025ECD2583CE8000F1734F /* Resources */ = {
			isa = PBXResourcesBuildPhase;
			buildActionMask = 2147483647;
			files = (
				7F025EDF2583CE8200F1734F /* LaunchScreen.storyboard in Resources */,
				7F025EDC2583CE8200F1734F /* Assets.xcassets in Resources */,
				7F025EDA2583CE8000F1734F /* Main.storyboard in Resources */,
			);
			runOnlyForDeploymentPostprocessing = 0;
		};
/* End PBXResourcesBuildPhase section */

/* Begin PBXShellScriptBuildPhase section */
		348A9DE8BAA4D9D478C795BB /* [CP] Check Pods Manifest.lock */ = {
			isa = PBXShellScriptBuildPhase;
			buildActionMask = 2147483647;
			files = (
			);
			inputFileListPaths = (
			);
			inputPaths = (
				"${PODS_PODFILE_DIR_PATH}/Podfile.lock",
				"${PODS_ROOT}/Manifest.lock",
			);
			name = "[CP] Check Pods Manifest.lock";
			outputFileListPaths = (
			);
			outputPaths = (
				"$(DERIVED_FILE_DIR)/Pods-NaverMapAPITest-checkManifestLockResult.txt",
			);
			runOnlyForDeploymentPostprocessing = 0;
			shellPath = /bin/sh;
			shellScript = "diff \"${PODS_PODFILE_DIR_PATH}/Podfile.lock\" \"${PODS_ROOT}/Manifest.lock\" > /dev/null\nif [ $? != 0 ] ; then\n    # print error to STDERR\n    echo \"error: The sandbox is not in sync with the Podfile.lock. Run 'pod install' or update your CocoaPods installation.\" >&2\n    exit 1\nfi\n# This output is used by Xcode 'outputs' to avoid re-running this script phase.\necho \"SUCCESS\" > \"${SCRIPT_OUTPUT_FILE_0}\"\n";
			showEnvVarsInLog = 0;
		};
		ED408E1012530BADDD1D1B80 /* [CP] Embed Pods Frameworks */ = {
			isa = PBXShellScriptBuildPhase;
			buildActionMask = 2147483647;
			files = (
			);
			inputFileListPaths = (
				"${PODS_ROOT}/Target Support Files/Pods-NaverMapAPITest/Pods-NaverMapAPITest-frameworks-${CONFIGURATION}-input-files.xcfilelist",
			);
			name = "[CP] Embed Pods Frameworks";
			outputFileListPaths = (
				"${PODS_ROOT}/Target Support Files/Pods-NaverMapAPITest/Pods-NaverMapAPITest-frameworks-${CONFIGURATION}-output-files.xcfilelist",
			);
			runOnlyForDeploymentPostprocessing = 0;
			shellPath = /bin/sh;
			shellScript = "\"${PODS_ROOT}/Target Support Files/Pods-NaverMapAPITest/Pods-NaverMapAPITest-frameworks.sh\"\n";
			showEnvVarsInLog = 0;
		};
/* End PBXShellScriptBuildPhase section */

/* Begin PBXSourcesBuildPhase section */
		7F025ECB2583CE8000F1734F /* Sources */ = {
			isa = PBXSourcesBuildPhase;
			buildActionMask = 2147483647;
			files = (
				7F025ED72583CE8000F1734F /* ViewController.swift in Sources */,
				7F025ED32583CE8000F1734F /* AppDelegate.swift in Sources */,
				7F025ED52583CE8000F1734F /* SceneDelegate.swift in Sources */,
			);
			runOnlyForDeploymentPostprocessing = 0;
		};
/* End PBXSourcesBuildPhase section */

/* Begin PBXVariantGroup section */
		7F025ED82583CE8000F1734F /* Main.storyboard */ = {
			isa = PBXVariantGroup;
			children = (
				7F025ED92583CE8000F1734F /* Base */,
			);
			name = Main.storyboard;
			sourceTree = "<group>";
		};
		7F025EDD2583CE8200F1734F /* LaunchScreen.storyboard */ = {
			isa = PBXVariantGroup;
			children = (
				7F025EDE2583CE8200F1734F /* Base */,
			);
			name = LaunchScreen.storyboard;
			sourceTree = "<group>";
		};
/* End PBXVariantGroup section */

/* Begin XCBuildConfiguration section */
		7F025EE12583CE8200F1734F /* Debug */ = {
			isa = XCBuildConfiguration;
			buildSettings = {
				ALWAYS_SEARCH_USER_PATHS = NO;
				CLANG_ANALYZER_NONNULL = YES;
				CLANG_ANALYZER_NUMBER_OBJECT_CONVERSION = YES_AGGRESSIVE;
				CLANG_CXX_LANGUAGE_STANDARD = "gnu++14";
				CLANG_CXX_LIBRARY = "libc++";
				CLANG_ENABLE_MODULES = YES;
				CLANG_ENABLE_OBJC_ARC = YES;
				CLANG_ENABLE_OBJC_WEAK = YES;
				CLANG_WARN_BLOCK_CAPTURE_AUTORELEASING = YES;
				CLANG_WARN_BOOL_CONVERSION = YES;
				CLANG_WARN_COMMA = YES;
				CLANG_WARN_CONSTANT_CONVERSION = YES;
				CLANG_WARN_DEPRECATED_OBJC_IMPLEMENTATIONS = YES;
				CLANG_WARN_DIRECT_OBJC_ISA_USAGE = YES_ERROR;
				CLANG_WARN_DOCUMENTATION_COMMENTS = YES;
				CLANG_WARN_EMPTY_BODY = YES;
				CLANG_WARN_ENUM_CONVERSION = YES;
				CLANG_WARN_INFINITE_RECURSION = YES;
				CLANG_WARN_INT_CONVERSION = YES;
				CLANG_WARN_NON_LITERAL_NULL_CONVERSION = YES;
				CLANG_WARN_OBJC_IMPLICIT_RETAIN_SELF = YES;
				CLANG_WARN_OBJC_LITERAL_CONVERSION = YES;
				CLANG_WARN_OBJC_ROOT_CLASS = YES_ERROR;
				CLANG_WARN_QUOTED_INCLUDE_IN_FRAMEWORK_HEADER = YES;
				CLANG_WARN_RANGE_LOOP_ANALYSIS = YES;
				CLANG_WARN_STRICT_PROTOTYPES = YES;
				CLANG_WARN_SUSPICIOUS_MOVE = YES;
				CLANG_WARN_UNGUARDED_AVAILABILITY = YES_AGGRESSIVE;
				CLANG_WARN_UNREACHABLE_CODE = YES;
				CLANG_WARN__DUPLICATE_METHOD_MATCH = YES;
				COPY_PHASE_STRIP = NO;
				DEBUG_INFORMATION_FORMAT = dwarf;
				ENABLE_STRICT_OBJC_MSGSEND = YES;
				ENABLE_TESTABILITY = YES;
				GCC_C_LANGUAGE_STANDARD = gnu11;
				GCC_DYNAMIC_NO_PIC = NO;
				GCC_NO_COMMON_BLOCKS = YES;
				GCC_OPTIMIZATION_LEVEL = 0;
				GCC_PREPROCESSOR_DEFINITIONS = (
					"DEBUG=1",
					"$(inherited)",
				);
				GCC_WARN_64_TO_32_BIT_CONVERSION = YES;
				GCC_WARN_ABOUT_RETURN_TYPE = YES_ERROR;
				GCC_WARN_UNDECLARED_SELECTOR = YES;
				GCC_WARN_UNINITIALIZED_AUTOS = YES_AGGRESSIVE;
				GCC_WARN_UNUSED_FUNCTION = YES;
				GCC_WARN_UNUSED_VARIABLE = YES;
				IPHONEOS_DEPLOYMENT_TARGET = 14.2;
				MTL_ENABLE_DEBUG_INFO = INCLUDE_SOURCE;
				MTL_FAST_MATH = YES;
				ONLY_ACTIVE_ARCH = YES;
				SDKROOT = iphoneos;
				SWIFT_ACTIVE_COMPILATION_CONDITIONS = DEBUG;
				SWIFT_OPTIMIZATION_LEVEL = "-Onone";
			};
			name = Debug;
		};
		7F025EE22583CE8200F1734F /* Release */ = {
			isa = XCBuildConfiguration;
			buildSettings = {
				ALWAYS_SEARCH_USER_PATHS = NO;
				CLANG_ANALYZER_NONNULL = YES;
				CLANG_ANALYZER_NUMBER_OBJECT_CONVERSION = YES_AGGRESSIVE;
				CLANG_CXX_LANGUAGE_STANDARD = "gnu++14";
				CLANG_CXX_LIBRARY = "libc++";
				CLANG_ENABLE_MODULES = YES;
				CLANG_ENABLE_OBJC_ARC = YES;
				CLANG_ENABLE_OBJC_WEAK = YES;
				CLANG_WARN_BLOCK_CAPTURE_AUTORELEASING = YES;
				CLANG_WARN_BOOL_CONVERSION = YES;
				CLANG_WARN_COMMA = YES;
				CLANG_WARN_CONSTANT_CONVERSION = YES;
				CLANG_WARN_DEPRECATED_OBJC_IMPLEMENTATIONS = YES;
				CLANG_WARN_DIRECT_OBJC_ISA_USAGE = YES_ERROR;
				CLANG_WARN_DOCUMENTATION_COMMENTS = YES;
				CLANG_WARN_EMPTY_BODY = YES;
				CLANG_WARN_ENUM_CONVERSION = YES;
				CLANG_WARN_INFINITE_RECURSION = YES;
				CLANG_WARN_INT_CONVERSION = YES;
				CLANG_WARN_NON_LITERAL_NULL_CONVERSION = YES;
				CLANG_WARN_OBJC_IMPLICIT_RETAIN_SELF = YES;
				CLANG_WARN_OBJC_LITERAL_CONVERSION = YES;
				CLANG_WARN_OBJC_ROOT_CLASS = YES_ERROR;
				CLANG_WARN_QUOTED_INCLUDE_IN_FRAMEWORK_HEADER = YES;
				CLANG_WARN_RANGE_LOOP_ANALYSIS = YES;
				CLANG_WARN_STRICT_PROTOTYPES = YES;
				CLANG_WARN_SUSPICIOUS_MOVE = YES;
				CLANG_WARN_UNGUARDED_AVAILABILITY = YES_AGGRESSIVE;
				CLANG_WARN_UNREACHABLE_CODE = YES;
				CLANG_WARN__DUPLICATE_METHOD_MATCH = YES;
				COPY_PHASE_STRIP = NO;
				DEBUG_INFORMATION_FORMAT = "dwarf-with-dsym";
				ENABLE_NS_ASSERTIONS = NO;
				ENABLE_STRICT_OBJC_MSGSEND = YES;
				GCC_C_LANGUAGE_STANDARD = gnu11;
				GCC_NO_COMMON_BLOCKS = YES;
				GCC_WARN_64_TO_32_BIT_CONVERSION = YES;
				GCC_WARN_ABOUT_RETURN_TYPE = YES_ERROR;
				GCC_WARN_UNDECLARED_SELECTOR = YES;
				GCC_WARN_UNINITIALIZED_AUTOS = YES_AGGRESSIVE;
				GCC_WARN_UNUSED_FUNCTION = YES;
				GCC_WARN_UNUSED_VARIABLE = YES;
				IPHONEOS_DEPLOYMENT_TARGET = 14.2;
				MTL_ENABLE_DEBUG_INFO = NO;
				MTL_FAST_MATH = YES;
				SDKROOT = iphoneos;
				SWIFT_COMPILATION_MODE = wholemodule;
				SWIFT_OPTIMIZATION_LEVEL = "-O";
				VALIDATE_PRODUCT = YES;
			};
			name = Release;
		};
		7F025EE42583CE8200F1734F /* Debug */ = {
			isa = XCBuildConfiguration;
			baseConfigurationReference = 6C013C6AE5E1DDB9B578D87E /* Pods-NaverMapAPITest.debug.xcconfig */;
			buildSettings = {
				ASSETCATALOG_COMPILER_APPICON_NAME = AppIcon;
				ASSETCATALOG_COMPILER_GLOBAL_ACCENT_COLOR_NAME = AccentColor;
				CODE_SIGN_STYLE = Automatic;
				DEVELOPMENT_TEAM = HAWSBW2KW5;
				INFOPLIST_FILE = NaverMapAPITest/Info.plist;
				LD_RUNPATH_SEARCH_PATHS = (
					"$(inherited)",
					"@executable_path/Frameworks",
				);
				PRODUCT_BUNDLE_IDENTIFIER = juhyeoklee.NaverMapAPITest;
				PRODUCT_NAME = "$(TARGET_NAME)";
				SWIFT_VERSION = 5.0;
				TARGETED_DEVICE_FAMILY = "1,2";
			};
			name = Debug;
		};
		7F025EE52583CE8200F1734F /* Release */ = {
			isa = XCBuildConfiguration;
			baseConfigurationReference = D3CF023664FDC174C2EDE655 /* Pods-NaverMapAPITest.release.xcconfig */;
			buildSettings = {
				ASSETCATALOG_COMPILER_APPICON_NAME = AppIcon;
				ASSETCATALOG_COMPILER_GLOBAL_ACCENT_COLOR_NAME = AccentColor;
				CODE_SIGN_STYLE = Automatic;
				DEVELOPMENT_TEAM = HAWSBW2KW5;
				INFOPLIST_FILE = NaverMapAPITest/Info.plist;
				LD_RUNPATH_SEARCH_PATHS = (
					"$(inherited)",
					"@executable_path/Frameworks",
				);
				PRODUCT_BUNDLE_IDENTIFIER = juhyeoklee.NaverMapAPITest;
				PRODUCT_NAME = "$(TARGET_NAME)";
				SWIFT_VERSION = 5.0;
				TARGETED_DEVICE_FAMILY = "1,2";
			};
			name = Release;
		};
/* End XCBuildConfiguration section */

/* Begin XCConfigurationList section */
		7F025ECA2583CE8000F1734F /* Build configuration list for PBXProject "NaverMapAPITest" */ = {
			isa = XCConfigurationList;
			buildConfigurations = (
				7F025EE12583CE8200F1734F /* Debug */,
				7F025EE22583CE8200F1734F /* Release */,
			);
			defaultConfigurationIsVisible = 0;
			defaultConfigurationName = Release;
		};
		7F025EE32583CE8200F1734F /* Build configuration list for PBXNativeTarget "NaverMapAPITest" */ = {
			isa = XCConfigurationList;
			buildConfigurations = (
				7F025EE42583CE8200F1734F /* Debug */,
				7F025EE52583CE8200F1734F /* Release */,
			);
			defaultConfigurationIsVisible = 0;
			defaultConfigurationName = Release;
		};
/* End XCConfigurationList section */
	};
	rootObject = 7F025EC72583CE8000F1734F /* Project object */;
}
