// !$*UTF8*$!
{
	archiveVersion = 1;
	classes = {
	};
	objectVersion = 50;
	objects = {

/* Begin PBXBuildFile section */
		7FFEC462255BEE3A000C77C0 /* AppDelegate.swift in Sources */ = {isa = PBXBuildFile; fileRef = 7FFEC461255BEE3A000C77C0 /* AppDelegate.swift */; };
		7FFEC464255BEE3A000C77C0 /* SceneDelegate.swift in Sources */ = {isa = PBXBuildFile; fileRef = 7FFEC463255BEE3A000C77C0 /* SceneDelegate.swift */; };
		7FFEC466255BEE3A000C77C0 /* ViewController.swift in Sources */ = {isa = PBXBuildFile; fileRef = 7FFEC465255BEE3A000C77C0 /* ViewController.swift */; };
		7FFEC469255BEE3A000C77C0 /* Main.storyboard in Resources */ = {isa = PBXBuildFile; fileRef = 7FFEC467255BEE3A000C77C0 /* Main.storyboard */; };
		7FFEC46B255BEE3C000C77C0 /* Assets.xcassets in Resources */ = {isa = PBXBuildFile; fileRef = 7FFEC46A255BEE3C000C77C0 /* Assets.xcassets */; };
		7FFEC46E255BEE3C000C77C0 /* LaunchScreen.storyboard in Resources */ = {isa = PBXBuildFile; fileRef = 7FFEC46C255BEE3C000C77C0 /* LaunchScreen.storyboard */; };
		7FFEC477255BEEA8000C77C0 /* HWPractice.storyboard in Resources */ = {isa = PBXBuildFile; fileRef = 7FFEC476255BEEA8000C77C0 /* HWPractice.storyboard */; };
		7FFEC47A255BEF73000C77C0 /* HWPracticeVC.swift in Sources */ = {isa = PBXBuildFile; fileRef = 7FFEC479255BEF73000C77C0 /* HWPracticeVC.swift */; };
		7FFEC47D255BF632000C77C0 /* RecentSearchKeywordCell.swift in Sources */ = {isa = PBXBuildFile; fileRef = 7FFEC47C255BF632000C77C0 /* RecentSearchKeywordCell.swift */; };
		7FFEC486255D2F2D000C77C0 /* CollectionViewTestVC.swift in Sources */ = {isa = PBXBuildFile; fileRef = 7FFEC485255D2F2D000C77C0 /* CollectionViewTestVC.swift */; };
		7FFEC489255D2F42000C77C0 /* CollectionTestVC.swift in Sources */ = {isa = PBXBuildFile; fileRef = 7FFEC488255D2F42000C77C0 /* CollectionTestVC.swift */; };
/* End PBXBuildFile section */

/* Begin PBXFileReference section */
		7FFEC45E255BEE3A000C77C0 /* CollectionViewPractice.app */ = {isa = PBXFileReference; explicitFileType = wrapper.application; includeInIndex = 0; path = CollectionViewPractice.app; sourceTree = BUILT_PRODUCTS_DIR; };
		7FFEC461255BEE3A000C77C0 /* AppDelegate.swift */ = {isa = PBXFileReference; lastKnownFileType = sourcecode.swift; path = AppDelegate.swift; sourceTree = "<group>"; };
		7FFEC463255BEE3A000C77C0 /* SceneDelegate.swift */ = {isa = PBXFileReference; lastKnownFileType = sourcecode.swift; path = SceneDelegate.swift; sourceTree = "<group>"; };
		7FFEC465255BEE3A000C77C0 /* ViewController.swift */ = {isa = PBXFileReference; lastKnownFileType = sourcecode.swift; path = ViewController.swift; sourceTree = "<group>"; };
		7FFEC468255BEE3A000C77C0 /* Base */ = {isa = PBXFileReference; lastKnownFileType = file.storyboard; name = Base; path = Base.lproj/Main.storyboard; sourceTree = "<group>"; };
		7FFEC46A255BEE3C000C77C0 /* Assets.xcassets */ = {isa = PBXFileReference; lastKnownFileType = folder.assetcatalog; path = Assets.xcassets; sourceTree = "<group>"; };
		7FFEC46D255BEE3C000C77C0 /* Base */ = {isa = PBXFileReference; lastKnownFileType = file.storyboard; name = Base; path = Base.lproj/LaunchScreen.storyboard; sourceTree = "<group>"; };
		7FFEC46F255BEE3C000C77C0 /* Info.plist */ = {isa = PBXFileReference; lastKnownFileType = text.plist.xml; path = Info.plist; sourceTree = "<group>"; };
		7FFEC476255BEEA8000C77C0 /* HWPractice.storyboard */ = {isa = PBXFileReference; lastKnownFileType = file.storyboard; path = HWPractice.storyboard; sourceTree = "<group>"; };
		7FFEC479255BEF73000C77C0 /* HWPracticeVC.swift */ = {isa = PBXFileReference; lastKnownFileType = sourcecode.swift; path = HWPracticeVC.swift; sourceTree = "<group>"; };
		7FFEC47C255BF632000C77C0 /* RecentSearchKeywordCell.swift */ = {isa = PBXFileReference; lastKnownFileType = sourcecode.swift; path = RecentSearchKeywordCell.swift; sourceTree = "<group>"; };
		7FFEC485255D2F2D000C77C0 /* CollectionViewTestVC.swift */ = {isa = PBXFileReference; lastKnownFileType = sourcecode.swift; path = CollectionViewTestVC.swift; sourceTree = "<group>"; };
		7FFEC488255D2F42000C77C0 /* CollectionTestVC.swift */ = {isa = PBXFileReference; lastKnownFileType = sourcecode.swift; path = CollectionTestVC.swift; sourceTree = "<group>"; };
/* End PBXFileReference section */

/* Begin PBXFrameworksBuildPhase section */
		7FFEC45B255BEE3A000C77C0 /* Frameworks */ = {
			isa = PBXFrameworksBuildPhase;
			buildActionMask = 2147483647;
			files = (
			);
			runOnlyForDeploymentPostprocessing = 0;
		};
/* End PBXFrameworksBuildPhase section */

/* Begin PBXGroup section */
		7FFEC455255BEE3A000C77C0 = {
			isa = PBXGroup;
			children = (
				7FFEC460255BEE3A000C77C0 /* CollectionViewPractice */,
				7FFEC45F255BEE3A000C77C0 /* Products */,
			);
			sourceTree = "<group>";
		};
		7FFEC45F255BEE3A000C77C0 /* Products */ = {
			isa = PBXGroup;
			children = (
				7FFEC45E255BEE3A000C77C0 /* CollectionViewPractice.app */,
			);
			name = Products;
			sourceTree = "<group>";
		};
		7FFEC460255BEE3A000C77C0 /* CollectionViewPractice */ = {
			isa = PBXGroup;
			children = (
				7FFEC461255BEE3A000C77C0 /* AppDelegate.swift */,
				7FFEC463255BEE3A000C77C0 /* SceneDelegate.swift */,
				7FFEC465255BEE3A000C77C0 /* ViewController.swift */,
				7FFEC467255BEE3A000C77C0 /* Main.storyboard */,
				7FFEC47C255BF632000C77C0 /* RecentSearchKeywordCell.swift */,
				7FFEC485255D2F2D000C77C0 /* CollectionViewTestVC.swift */,
				7FFEC488255D2F42000C77C0 /* CollectionTestVC.swift */,
				7FFEC476255BEEA8000C77C0 /* HWPractice.storyboard */,
				7FFEC479255BEF73000C77C0 /* HWPracticeVC.swift */,
				7FFEC46A255BEE3C000C77C0 /* Assets.xcassets */,
				7FFEC46C255BEE3C000C77C0 /* LaunchScreen.storyboard */,
				7FFEC46F255BEE3C000C77C0 /* Info.plist */,
			);
			path = CollectionViewPractice;
			sourceTree = "<group>";
		};
/* End PBXGroup section */

/* Begin PBXNativeTarget section */
		7FFEC45D255BEE3A000C77C0 /* CollectionViewPractice */ = {
			isa = PBXNativeTarget;
			buildConfigurationList = 7FFEC472255BEE3C000C77C0 /* Build configuration list for PBXNativeTarget "CollectionViewPractice" */;
			buildPhases = (
				7FFEC45A255BEE3A000C77C0 /* Sources */,
				7FFEC45B255BEE3A000C77C0 /* Frameworks */,
				7FFEC45C255BEE3A000C77C0 /* Resources */,
			);
			buildRules = (
			);
			dependencies = (
			);
			name = CollectionViewPractice;
			productName = CollectionViewPractice;
			productReference = 7FFEC45E255BEE3A000C77C0 /* CollectionViewPractice.app */;
			productType = "com.apple.product-type.application";
		};
/* End PBXNativeTarget section */

/* Begin PBXProject section */
		7FFEC456255BEE3A000C77C0 /* Project object */ = {
			isa = PBXProject;
			attributes = {
				LastSwiftUpdateCheck = 1210;
				LastUpgradeCheck = 1210;
				TargetAttributes = {
					7FFEC45D255BEE3A000C77C0 = {
						CreatedOnToolsVersion = 12.1;
					};
				};
			};
			buildConfigurationList = 7FFEC459255BEE3A000C77C0 /* Build configuration list for PBXProject "CollectionViewPractice" */;
			compatibilityVersion = "Xcode 9.3";
			developmentRegion = en;
			hasScannedForEncodings = 0;
			knownRegions = (
				en,
				Base,
			);
			mainGroup = 7FFEC455255BEE3A000C77C0;
			productRefGroup = 7FFEC45F255BEE3A000C77C0 /* Products */;
			projectDirPath = "";
			projectRoot = "";
			targets = (
				7FFEC45D255BEE3A000C77C0 /* CollectionViewPractice */,
			);
		};
/* End PBXProject section */

/* Begin PBXResourcesBuildPhase section */
		7FFEC45C255BEE3A000C77C0 /* Resources */ = {
			isa = PBXResourcesBuildPhase;
			buildActionMask = 2147483647;
			files = (
				7FFEC46E255BEE3C000C77C0 /* LaunchScreen.storyboard in Resources */,
				7FFEC46B255BEE3C000C77C0 /* Assets.xcassets in Resources */,
				7FFEC477255BEEA8000C77C0 /* HWPractice.storyboard in Resources */,
				7FFEC469255BEE3A000C77C0 /* Main.storyboard in Resources */,
			);
			runOnlyForDeploymentPostprocessing = 0;
		};
/* End PBXResourcesBuildPhase section */

/* Begin PBXSourcesBuildPhase section */
		7FFEC45A255BEE3A000C77C0 /* Sources */ = {
			isa = PBXSourcesBuildPhase;
			buildActionMask = 2147483647;
			files = (
				7FFEC47A255BEF73000C77C0 /* HWPracticeVC.swift in Sources */,
				7FFEC486255D2F2D000C77C0 /* CollectionViewTestVC.swift in Sources */,
				7FFEC466255BEE3A000C77C0 /* ViewController.swift in Sources */,
				7FFEC462255BEE3A000C77C0 /* AppDelegate.swift in Sources */,
				7FFEC489255D2F42000C77C0 /* CollectionTestVC.swift in Sources */,
				7FFEC464255BEE3A000C77C0 /* SceneDelegate.swift in Sources */,
				7FFEC47D255BF632000C77C0 /* RecentSearchKeywordCell.swift in Sources */,
			);
			runOnlyForDeploymentPostprocessing = 0;
		};
/* End PBXSourcesBuildPhase section */

/* Begin PBXVariantGroup section */
		7FFEC467255BEE3A000C77C0 /* Main.storyboard */ = {
			isa = PBXVariantGroup;
			children = (
				7FFEC468255BEE3A000C77C0 /* Base */,
			);
			name = Main.storyboard;
			sourceTree = "<group>";
		};
		7FFEC46C255BEE3C000C77C0 /* LaunchScreen.storyboard */ = {
			isa = PBXVariantGroup;
			children = (
				7FFEC46D255BEE3C000C77C0 /* Base */,
			);
			name = LaunchScreen.storyboard;
			sourceTree = "<group>";
		};
/* End PBXVariantGroup section */

/* Begin XCBuildConfiguration section */
		7FFEC470255BEE3C000C77C0 /* Debug */ = {
			isa = XCBuildConfiguration;
			buildSettings = {
				ALWAYS_SEARCH_USER_PATHS = NO;
				CLANG_ANALYZER_NONNULL = YES;
				CLANG_ANALYZER_NUMBER_OBJECT_CONVERSION = YES_AGGRESSIVE;
				CLANG_CXX_LANGUAGE_STANDARD = "gnu++14";
				CLANG_CXX_LIBRARY = "libc++";
				CLANG_ENABLE_MODULES = YES;
				CLANG_ENABLE_OBJC_ARC = YES;
				CLANG_ENABLE_OBJC_WEAK = YES;
				CLANG_WARN_BLOCK_CAPTURE_AUTORELEASING = YES;
				CLANG_WARN_BOOL_CONVERSION = YES;
				CLANG_WARN_COMMA = YES;
				CLANG_WARN_CONSTANT_CONVERSION = YES;
				CLANG_WARN_DEPRECATED_OBJC_IMPLEMENTATIONS = YES;
				CLANG_WARN_DIRECT_OBJC_ISA_USAGE = YES_ERROR;
				CLANG_WARN_DOCUMENTATION_COMMENTS = YES;
				CLANG_WARN_EMPTY_BODY = YES;
				CLANG_WARN_ENUM_CONVERSION = YES;
				CLANG_WARN_INFINITE_RECURSION = YES;
				CLANG_WARN_INT_CONVERSION = YES;
				CLANG_WARN_NON_LITERAL_NULL_CONVERSION = YES;
				CLANG_WARN_OBJC_IMPLICIT_RETAIN_SELF = YES;
				CLANG_WARN_OBJC_LITERAL_CONVERSION = YES;
				CLANG_WARN_OBJC_ROOT_CLASS = YES_ERROR;
				CLANG_WARN_QUOTED_INCLUDE_IN_FRAMEWORK_HEADER = YES;
				CLANG_WARN_RANGE_LOOP_ANALYSIS = YES;
				CLANG_WARN_STRICT_PROTOTYPES = YES;
				CLANG_WARN_SUSPICIOUS_MOVE = YES;
				CLANG_WARN_UNGUARDED_AVAILABILITY = YES_AGGRESSIVE;
				CLANG_WARN_UNREACHABLE_CODE = YES;
				CLANG_WARN__DUPLICATE_METHOD_MATCH = YES;
				COPY_PHASE_STRIP = NO;
				DEBUG_INFORMATION_FORMAT = dwarf;
				ENABLE_STRICT_OBJC_MSGSEND = YES;
				ENABLE_TESTABILITY = YES;
				GCC_C_LANGUAGE_STANDARD = gnu11;
				GCC_DYNAMIC_NO_PIC = NO;
				GCC_NO_COMMON_BLOCKS = YES;
				GCC_OPTIMIZATION_LEVEL = 0;
				GCC_PREPROCESSOR_DEFINITIONS = (
					"DEBUG=1",
					"$(inherited)",
				);
				GCC_WARN_64_TO_32_BIT_CONVERSION = YES;
				GCC_WARN_ABOUT_RETURN_TYPE = YES_ERROR;
				GCC_WARN_UNDECLARED_SELECTOR = YES;
				GCC_WARN_UNINITIALIZED_AUTOS = YES_AGGRESSIVE;
				GCC_WARN_UNUSED_FUNCTION = YES;
				GCC_WARN_UNUSED_VARIABLE = YES;
				IPHONEOS_DEPLOYMENT_TARGET = 14.1;
				MTL_ENABLE_DEBUG_INFO = INCLUDE_SOURCE;
				MTL_FAST_MATH = YES;
				ONLY_ACTIVE_ARCH = YES;
				SDKROOT = iphoneos;
				SWIFT_ACTIVE_COMPILATION_CONDITIONS = DEBUG;
				SWIFT_OPTIMIZATION_LEVEL = "-Onone";
			};
			name = Debug;
		};
		7FFEC471255BEE3C000C77C0 /* Release */ = {
			isa = XCBuildConfiguration;
			buildSettings = {
				ALWAYS_SEARCH_USER_PATHS = NO;
				CLANG_ANALYZER_NONNULL = YES;
				CLANG_ANALYZER_NUMBER_OBJECT_CONVERSION = YES_AGGRESSIVE;
				CLANG_CXX_LANGUAGE_STANDARD = "gnu++14";
				CLANG_CXX_LIBRARY = "libc++";
				CLANG_ENABLE_MODULES = YES;
				CLANG_ENABLE_OBJC_ARC = YES;
				CLANG_ENABLE_OBJC_WEAK = YES;
				CLANG_WARN_BLOCK_CAPTURE_AUTORELEASING = YES;
				CLANG_WARN_BOOL_CONVERSION = YES;
				CLANG_WARN_COMMA = YES;
				CLANG_WARN_CONSTANT_CONVERSION = YES;
				CLANG_WARN_DEPRECATED_OBJC_IMPLEMENTATIONS = YES;
				CLANG_WARN_DIRECT_OBJC_ISA_USAGE = YES_ERROR;
				CLANG_WARN_DOCUMENTATION_COMMENTS = YES;
				CLANG_WARN_EMPTY_BODY = YES;
				CLANG_WARN_ENUM_CONVERSION = YES;
				CLANG_WARN_INFINITE_RECURSION = YES;
				CLANG_WARN_INT_CONVERSION = YES;
				CLANG_WARN_NON_LITERAL_NULL_CONVERSION = YES;
				CLANG_WARN_OBJC_IMPLICIT_RETAIN_SELF = YES;
				CLANG_WARN_OBJC_LITERAL_CONVERSION = YES;
				CLANG_WARN_OBJC_ROOT_CLASS = YES_ERROR;
				CLANG_WARN_QUOTED_INCLUDE_IN_FRAMEWORK_HEADER = YES;
				CLANG_WARN_RANGE_LOOP_ANALYSIS = YES;
				CLANG_WARN_STRICT_PROTOTYPES = YES;
				CLANG_WARN_SUSPICIOUS_MOVE = YES;
				CLANG_WARN_UNGUARDED_AVAILABILITY = YES_AGGRESSIVE;
				CLANG_WARN_UNREACHABLE_CODE = YES;
				CLANG_WARN__DUPLICATE_METHOD_MATCH = YES;
				COPY_PHASE_STRIP = NO;
				DEBUG_INFORMATION_FORMAT = "dwarf-with-dsym";
				ENABLE_NS_ASSERTIONS = NO;
				ENABLE_STRICT_OBJC_MSGSEND = YES;
				GCC_C_LANGUAGE_STANDARD = gnu11;
				GCC_NO_COMMON_BLOCKS = YES;
				GCC_WARN_64_TO_32_BIT_CONVERSION = YES;
				GCC_WARN_ABOUT_RETURN_TYPE = YES_ERROR;
				GCC_WARN_UNDECLARED_SELECTOR = YES;
				GCC_WARN_UNINITIALIZED_AUTOS = YES_AGGRESSIVE;
				GCC_WARN_UNUSED_FUNCTION = YES;
				GCC_WARN_UNUSED_VARIABLE = YES;
				IPHONEOS_DEPLOYMENT_TARGET = 14.1;
				MTL_ENABLE_DEBUG_INFO = NO;
				MTL_FAST_MATH = YES;
				SDKROOT = iphoneos;
				SWIFT_COMPILATION_MODE = wholemodule;
				SWIFT_OPTIMIZATION_LEVEL = "-O";
				VALIDATE_PRODUCT = YES;
			};
			name = Release;
		};
		7FFEC473255BEE3C000C77C0 /* Debug */ = {
			isa = XCBuildConfiguration;
			buildSettings = {
				ASSETCATALOG_COMPILER_APPICON_NAME = AppIcon;
				ASSETCATALOG_COMPILER_GLOBAL_ACCENT_COLOR_NAME = AccentColor;
				CODE_SIGN_STYLE = Automatic;
				DEVELOPMENT_TEAM = HAWSBW2KW5;
				INFOPLIST_FILE = CollectionViewPractice/Info.plist;
				LD_RUNPATH_SEARCH_PATHS = (
					"$(inherited)",
					"@executable_path/Frameworks",
				);
				PRODUCT_BUNDLE_IDENTIFIER = juhyeoklee.CollectionViewPractice;
				PRODUCT_NAME = "$(TARGET_NAME)";
				SWIFT_VERSION = 5.0;
				TARGETED_DEVICE_FAMILY = "1,2";
			};
			name = Debug;
		};
		7FFEC474255BEE3C000C77C0 /* Release */ = {
			isa = XCBuildConfiguration;
			buildSettings = {
				ASSETCATALOG_COMPILER_APPICON_NAME = AppIcon;
				ASSETCATALOG_COMPILER_GLOBAL_ACCENT_COLOR_NAME = AccentColor;
				CODE_SIGN_STYLE = Automatic;
				DEVELOPMENT_TEAM = HAWSBW2KW5;
				INFOPLIST_FILE = CollectionViewPractice/Info.plist;
				LD_RUNPATH_SEARCH_PATHS = (
					"$(inherited)",
					"@executable_path/Frameworks",
				);
				PRODUCT_BUNDLE_IDENTIFIER = juhyeoklee.CollectionViewPractice;
				PRODUCT_NAME = "$(TARGET_NAME)";
				SWIFT_VERSION = 5.0;
				TARGETED_DEVICE_FAMILY = "1,2";
			};
			name = Release;
		};
/* End XCBuildConfiguration section */

/* Begin XCConfigurationList section */
		7FFEC459255BEE3A000C77C0 /* Build configuration list for PBXProject "CollectionViewPractice" */ = {
			isa = XCConfigurationList;
			buildConfigurations = (
				7FFEC470255BEE3C000C77C0 /* Debug */,
				7FFEC471255BEE3C000C77C0 /* Release */,
			);
			defaultConfigurationIsVisible = 0;
			defaultConfigurationName = Release;
		};
		7FFEC472255BEE3C000C77C0 /* Build configuration list for PBXNativeTarget "CollectionViewPractice" */ = {
			isa = XCConfigurationList;
			buildConfigurations = (
				7FFEC473255BEE3C000C77C0 /* Debug */,
				7FFEC474255BEE3C000C77C0 /* Release */,
			);
			defaultConfigurationIsVisible = 0;
			defaultConfigurationName = Release;
		};
/* End XCConfigurationList section */
	};
	rootObject = 7FFEC456255BEE3A000C77C0 /* Project object */;
}
